{
  "name": "oneclick-update",
  "version": "0.0.1",
  "lockfileVersion": 1,
  "requires": true,
  "dependencies": {
    "mvt": {
      "version": "1.1.0",
      "resolved": "https://registry.npmjs.org/mvt/-/mvt-1.1.0.tgz",
      "integrity": "sha512-SFgOzCoX9OKEkkuawDXLilam44Z4xzIFbh6kzpTI/wzWHx1rHD53d9Z8ZhcrrMhjkoKoHDkeDNCIxpMGUBFeXg==",
      "dev": true
    },
    "semver": {
      "version": "5.6.0",
      "resolved": "https://registry.npmjs.org/semver/-/semver-5.6.0.tgz",
      "integrity": "sha512-RS9R6R35NYgQn++fkDWaOmqGoj4Ek9gGs+DPxNUZKuwE183xjJroKvyo1IzVFeXvUrvmALy6FWD5xrdJT25gMg==",
      "dev": true
    },
    "tiny-params": {
      "version": "2.1.0",
      "resolved": "https://registry.npmjs.org/tiny-params/-/tiny-params-2.1.0.tgz",
      "integrity": "sha512-XQM4M1NezA0G1YyTS4dcwPF58JSMH6yfynYa56jB8LnY3aAjvlxFv00QO+6xoIpAyv+8jIXtQdCaBhyxkbO5zQ==",
      "dev": true
    }
  }
}
